{
  "nodes": {
    "nixpkgs": {
      "locked": {
        "lastModified": 1749040375,
        "narHash": "sha256-zwVvfxgrXcInI2E/dDg9v80OrvKUT7HtPECu53Khcq0=",
        "owner": "NixOS",
        "repo": "nixpkgs",
        "rev": "57afa2783caf7d6713f63c8e29fba6c52a3a5300",
        "type": "github"
      },
      "original": {
        "owner": "NixOS",
        "repo": "nixpkgs",
        "rev": "57afa2783caf7d6713f63c8e29fba6c52a3a5300",
        "type": "github"
      }
    },
    "nixpkgs_2": {
      "locked": {
        "lastModified": 1744536153,
        "narHash": "sha256-awS2zRgF4uTwrOKwwiJcByDzDOdo3Q1rPZbiHQg/N38=",
        "owner": "NixOS",
        "repo": "nixpkgs",
        "rev": "18dd725c29603f582cf1900e0d25f9f1063dbf11",
        "type": "github"
      },
      "original": {
        "owner": "NixOS",
        "ref": "nixpkgs-unstable",
        "repo": "nixpkgs",
        "type": "github"
      }
    },
    "root": {
      "inputs": {
        "nixpkgs": "nixpkgs",
        "rust-overlay": "rust-overlay"
      }
    },
    "rust-overlay": {
      "inputs": {
        "nixpkgs": "nixpkgs_2"
      },
      "locked": {
        "lastModified": 1751769931,
        "narHash": "sha256-QR2Rp/41NkA5YxcpvZEKD1S2QE1Pb9U415aK8M/4tJc=",
        "owner": "oxalica",
        "repo": "rust-overlay",
        "rev": "3ac4f630e375177ea8317e22f5c804156de177e8",
        "type": "github"
      },
      "original": {
        "owner": "oxalica",
        "repo": "rust-overlay",
        "type": "github"
      }
    }
  },
  "root": "root",
  "version": 7
}
